
Microsoft Visual Studio Solution File, Format Version 12.00
# Visual Studio Version 16
VisualStudioVersion = 16.0.32106.194
MinimumVisualStudioVersion = 10.0.40219.1
Project("{FAE04EC0-301F-11D3-BF4B-00C04F79EFBC}") = "SpirionExam", "SpirionExam\SpirionExam.csproj", "{9797FFB7-542E-489B-B620-76CEE8922688}"
EndProject
Global
	GlobalSection(SolutionConfigurationPlatforms) = preSolution
		Debug|Any CPU = Debug|Any CPU
		Release|Any CPU = Release|Any CPU
	EndGlobalSection
	GlobalSection(ProjectConfigurationPlatforms) = postSolution
		{9797FFB7-542E-489B-B620-76CEE8922688}.Debug|Any CPU.ActiveCfg = Debug|Any CPU
		{9797FFB7-542E-489B-B620-76CEE8922688}.Debug|Any CPU.Build.0 = Debug|Any CPU
		{9797FFB7-542E-489B-B620-76CEE8922688}.Release|Any CPU.ActiveCfg = Release|Any CPU
		{9797FFB7-542E-489B-B620-76CEE8922688}.Release|Any CPU.Build.0 = Release|Any CPU
	EndGlobalSection
	GlobalSection(SolutionProperties) = preSolution
		HideSolutionNode = FALSE
	EndGlobalSection
	GlobalSection(ExtensibilityGlobals) = postSolution
		SolutionGuid = {B0FBCE48-03B5-497E-AB17-BDDE035CF180}
	EndGlobalSection
EndGlobal
